
Microsoft Visual Studio Solution File, Format Version 12.00
# Visual Studio Version 17
VisualStudioVersion = 17.7.34221.43
MinimumVisualStudioVersion = 10.0.40219.1
Project("{FAE04EC0-301F-11D3-BF4B-00C04F79EFBC}") = "Flashcard_yashsachdev5677", "Flashcard_yashsachdev5677\Flashcard_yashsachdev5677.csproj", "{1793926C-B915-4565-AAB7-EA4234533A31}"
EndProject
Project("{E53339B2-1760-4266-BCC7-CA923CBCF16C}") = "docker-compose", "docker-compose.dcproj", "{F555723B-D284-4162-9B32-791011FEDCAB}"
EndProject
Global
	GlobalSection(SolutionConfigurationPlatforms) = preSolution
		Debug|Any CPU = Debug|Any CPU
		Release|Any CPU = Release|Any CPU
	EndGlobalSection
	GlobalSection(ProjectConfigurationPlatforms) = postSolution
		{1793926C-B915-4565-AAB7-EA4234533A31}.Debug|Any CPU.ActiveCfg = Debug|Any CPU
		{1793926C-B915-4565-AAB7-EA4234533A31}.Debug|Any CPU.Build.0 = Debug|Any CPU
		{1793926C-B915-4565-AAB7-EA4234533A31}.Release|Any CPU.ActiveCfg = Release|Any CPU
		{1793926C-B915-4565-AAB7-EA4234533A31}.Release|Any CPU.Build.0 = Release|Any CPU
		{F555723B-D284-4162-9B32-791011FEDCAB}.Debug|Any CPU.ActiveCfg = Debug|Any CPU
		{F555723B-D284-4162-9B32-791011FEDCAB}.Debug|Any CPU.Build.0 = Debug|Any CPU
		{F555723B-D284-4162-9B32-791011FEDCAB}.Release|Any CPU.ActiveCfg = Release|Any CPU
		{F555723B-D284-4162-9B32-791011FEDCAB}.Release|Any CPU.Build.0 = Release|Any CPU
	EndGlobalSection
	GlobalSection(SolutionProperties) = preSolution
		HideSolutionNode = FALSE
	EndGlobalSection
	GlobalSection(ExtensibilityGlobals) = postSolution
		SolutionGuid = {0602B099-0820-4E32-83C0-EC204A5CB12D}
	EndGlobalSection
EndGlobal
