
Microsoft Visual Studio Solution File, Format Version 12.00
# Visual Studio Version 17
VisualStudioVersion = 17.7.34221.43
MinimumVisualStudioVersion = 10.0.40219.1
Project("{54A90642-561A-4BB1-A94E-469ADEE60C69}") = "portfolio", "portfolio\portfolio.esproj", "{294086A8-8990-4509-B6AC-24E8C8FE6142}"
EndProject
Global
	GlobalSection(SolutionConfigurationPlatforms) = preSolution
		Debug|Any CPU = Debug|Any CPU
		Release|Any CPU = Release|Any CPU
	EndGlobalSection
	GlobalSection(ProjectConfigurationPlatforms) = postSolution
		{294086A8-8990-4509-B6AC-24E8C8FE6142}.Debug|Any CPU.ActiveCfg = Debug|Any CPU
		{294086A8-8990-4509-B6AC-24E8C8FE6142}.Debug|Any CPU.Build.0 = Debug|Any CPU
		{294086A8-8990-4509-B6AC-24E8C8FE6142}.Debug|Any CPU.Deploy.0 = Debug|Any CPU
		{294086A8-8990-4509-B6AC-24E8C8FE6142}.Release|Any CPU.ActiveCfg = Release|Any CPU
		{294086A8-8990-4509-B6AC-24E8C8FE6142}.Release|Any CPU.Build.0 = Release|Any CPU
		{294086A8-8990-4509-B6AC-24E8C8FE6142}.Release|Any CPU.Deploy.0 = Release|Any CPU
	EndGlobalSection
	GlobalSection(SolutionProperties) = preSolution
		HideSolutionNode = FALSE
	EndGlobalSection
	GlobalSection(ExtensibilityGlobals) = postSolution
		SolutionGuid = {2AD2B15B-4134-4CA2-885B-2308FE6765A7}
	EndGlobalSection
EndGlobal
